// !$*UTF8*$!
{
	archiveVersion = 1;
	classes = {
	};
	objectVersion = 46;
	objects = {

/* Begin PBXBuildFile section */
		F9406EA81D9499DA00353CF6 /* AppDelegate.swift in Sources */ = {isa = PBXBuildFile; fileRef = F9406EA71D9499DA00353CF6 /* AppDelegate.swift */; };
		F9406EAA1D9499DA00353CF6 /* ViewController.swift in Sources */ = {isa = PBXBuildFile; fileRef = F9406EA91D9499DA00353CF6 /* ViewController.swift */; };
		F9406EAD1D9499DA00353CF6 /* Main.storyboard in Resources */ = {isa = PBXBuildFile; fileRef = F9406EAB1D9499DA00353CF6 /* Main.storyboard */; };
		F9406EAF1D9499DA00353CF6 /* Assets.xcassets in Resources */ = {isa = PBXBuildFile; fileRef = F9406EAE1D9499DA00353CF6 /* Assets.xcassets */; };
		F9406EB21D9499DA00353CF6 /* LaunchScreen.storyboard in Resources */ = {isa = PBXBuildFile; fileRef = F9406EB01D9499DA00353CF6 /* LaunchScreen.storyboard */; };
/* End PBXBuildFile section */

/* Begin PBXFileReference section */
		F9406EA41D9499DA00353CF6 /* auto-layout-in-code.app */ = {isa = PBXFileReference; explicitFileType = wrapper.application; includeInIndex = 0; path = "auto-layout-in-code.app"; sourceTree = BUILT_PRODUCTS_DIR; };
		F9406EA71D9499DA00353CF6 /* AppDelegate.swift */ = {isa = PBXFileReference; lastKnownFileType = sourcecode.swift; path = AppDelegate.swift; sourceTree = "<group>"; };
		F9406EA91D9499DA00353CF6 /* ViewController.swift */ = {isa = PBXFileReference; lastKnownFileType = sourcecode.swift; path = ViewController.swift; sourceTree = "<group>"; };
		F9406EAC1D9499DA00353CF6 /* Base */ = {isa = PBXFileReference; lastKnownFileType = file.storyboard; name = Base; path = Base.lproj/Main.storyboard; sourceTree = "<group>"; };
		F9406EAE1D9499DA00353CF6 /* Assets.xcassets */ = {isa = PBXFileReference; lastKnownFileType = folder.assetcatalog; path = Assets.xcassets; sourceTree = "<group>"; };
		F9406EB11D9499DA00353CF6 /* Base */ = {isa = PBXFileReference; lastKnownFileType = file.storyboard; name = Base; path = Base.lproj/LaunchScreen.storyboard; sourceTree = "<group>"; };
		F9406EB31D9499DA00353CF6 /* Info.plist */ = {isa = PBXFileReference; lastKnownFileType = text.plist.xml; path = Info.plist; sourceTree = "<group>"; };
/* End PBXFileReference section */

/* Begin PBXFrameworksBuildPhase section */
		F9406EA11D9499DA00353CF6 /* Frameworks */ = {
			isa = PBXFrameworksBuildPhase;
			buildActionMask = 2147483647;
			files = (
			);
			runOnlyForDeploymentPostprocessing = 0;
		};
/* End PBXFrameworksBuildPhase section */

/* Begin PBXGroup section */
		F9406E9B1D9499DA00353CF6 = {
			isa = PBXGroup;
			children = (
				F9406EA61D9499DA00353CF6 /* auto-layout-in-code */,
				F9406EA51D9499DA00353CF6 /* Products */,
			);
			sourceTree = "<group>";
		};
		F9406EA51D9499DA00353CF6 /* Products */ = {
			isa = PBXGroup;
			children = (
				F9406EA41D9499DA00353CF6 /* auto-layout-in-code.app */,
			);
			name = Products;
			sourceTree = "<group>";
		};
		F9406EA61D9499DA00353CF6 /* auto-layout-in-code */ = {
			isa = PBXGroup;
			children = (
				F9406EA71D9499DA00353CF6 /* AppDelegate.swift */,
				F9406EA91D9499DA00353CF6 /* ViewController.swift */,
				F9406EAB1D9499DA00353CF6 /* Main.storyboard */,
				F9406EAE1D9499DA00353CF6 /* Assets.xcassets */,
				F9406EB01D9499DA00353CF6 /* LaunchScreen.storyboard */,
				F9406EB31D9499DA00353CF6 /* Info.plist */,
			);
			path = "auto-layout-in-code";
			sourceTree = "<group>";
		};
/* End PBXGroup section */

/* Begin PBXNativeTarget section */
		F9406EA31D9499DA00353CF6 /* auto-layout-in-code */ = {
			isa = PBXNativeTarget;
			buildConfigurationList = F9406EB61D9499DA00353CF6 /* Build configuration list for PBXNativeTarget "auto-layout-in-code" */;
			buildPhases = (
				F9406EA01D9499DA00353CF6 /* Sources */,
				F9406EA11D9499DA00353CF6 /* Frameworks */,
				F9406EA21D9499DA00353CF6 /* Resources */,
			);
			buildRules = (
			);
			dependencies = (
			);
			name = "auto-layout-in-code";
			productName = "auto-layout-in-code";
			productReference = F9406EA41D9499DA00353CF6 /* auto-layout-in-code.app */;
			productType = "com.apple.product-type.application";
		};
/* End PBXNativeTarget section */

/* Begin PBXProject section */
		F9406E9C1D9499DA00353CF6 /* Project object */ = {
			isa = PBXProject;
			attributes = {
				LastSwiftUpdateCheck = 0800;
				LastUpgradeCheck = 0800;
				ORGANIZATIONNAME = "Adam Goth";
				TargetAttributes = {
					F9406EA31D9499DA00353CF6 = {
						CreatedOnToolsVersion = 8.0;
						ProvisioningStyle = Automatic;
					};
				};
			};
			buildConfigurationList = F9406E9F1D9499DA00353CF6 /* Build configuration list for PBXProject "auto-layout-in-code" */;
			compatibilityVersion = "Xcode 3.2";
			developmentRegion = English;
			hasScannedForEncodings = 0;
			knownRegions = (
				en,
				Base,
			);
			mainGroup = F9406E9B1D9499DA00353CF6;
			productRefGroup = F9406EA51D9499DA00353CF6 /* Products */;
			projectDirPath = "";
			projectRoot = "";
			targets = (
				F9406EA31D9499DA00353CF6 /* auto-layout-in-code */,
			);
		};
/* End PBXProject section */

/* Begin PBXResourcesBuildPhase section */
		F9406EA21D9499DA00353CF6 /* Resources */ = {
			isa = PBXResourcesBuildPhase;
			buildActionMask = 2147483647;
			files = (
				F9406EB21D9499DA00353CF6 /* LaunchScreen.storyboard in Resources */,
				F9406EAF1D9499DA00353CF6 /* Assets.xcassets in Resources */,
				F9406EAD1D9499DA00353CF6 /* Main.storyboard in Resources */,
			);
			runOnlyForDeploymentPostprocessing = 0;
		};
/* End PBXResourcesBuildPhase section */

/* Begin PBXSourcesBuildPhase section */
		F9406EA01D9499DA00353CF6 /* Sources */ = {
			isa = PBXSourcesBuildPhase;
			buildActionMask = 2147483647;
			files = (
				F9406EAA1D9499DA00353CF6 /* ViewController.swift in Sources */,
				F9406EA81D9499DA00353CF6 /* AppDelegate.swift in Sources */,
			);
			runOnlyForDeploymentPostprocessing = 0;
		};
/* End PBXSourcesBuildPhase section */

/* Begin PBXVariantGroup section */
		F9406EAB1D9499DA00353CF6 /* Main.storyboard */ = {
			isa = PBXVariantGroup;
			children = (
				F9406EAC1D9499DA00353CF6 /* Base */,
			);
			name = Main.storyboard;
			sourceTree = "<group>";
		};
		F9406EB01D9499DA00353CF6 /* LaunchScreen.storyboard */ = {
			isa = PBXVariantGroup;
			children = (
				F9406EB11D9499DA00353CF6 /* Base */,
			);
			name = LaunchScreen.storyboard;
			sourceTree = "<group>";
		};
/* End PBXVariantGroup section */

/* Begin XCBuildConfiguration section */
		F9406EB41D9499DA00353CF6 /* Debug */ = {
			isa = XCBuildConfiguration;
			buildSettings = {
				ALWAYS_SEARCH_USER_PATHS = NO;
				CLANG_ANALYZER_NONNULL = YES;
				CLANG_CXX_LANGUAGE_STANDARD = "gnu++0x";
				CLANG_CXX_LIBRARY = "libc++";
				CLANG_ENABLE_MODULES = YES;
				CLANG_ENABLE_OBJC_ARC = YES;
				CLANG_WARN_BOOL_CONVERSION = YES;
				CLANG_WARN_CONSTANT_CONVERSION = YES;
				CLANG_WARN_DIRECT_OBJC_ISA_USAGE = YES_ERROR;
				CLANG_WARN_DOCUMENTATION_COMMENTS = YES;
				CLANG_WARN_EMPTY_BODY = YES;
				CLANG_WARN_ENUM_CONVERSION = YES;
				CLANG_WARN_INFINITE_RECURSION = YES;
				CLANG_WARN_INT_CONVERSION = YES;
				CLANG_WARN_OBJC_ROOT_CLASS = YES_ERROR;
				CLANG_WARN_SUSPICIOUS_MOVES = YES;
				CLANG_WARN_UNREACHABLE_CODE = YES;
				CLANG_WARN__DUPLICATE_METHOD_MATCH = YES;
				"CODE_SIGN_IDENTITY[sdk=iphoneos*]" = "iPhone Developer";
				COPY_PHASE_STRIP = NO;
				DEBUG_INFORMATION_FORMAT = dwarf;
				ENABLE_STRICT_OBJC_MSGSEND = YES;
				ENABLE_TESTABILITY = YES;
				GCC_C_LANGUAGE_STANDARD = gnu99;
				GCC_DYNAMIC_NO_PIC = NO;
				GCC_NO_COMMON_BLOCKS = YES;
				GCC_OPTIMIZATION_LEVEL = 0;
				GCC_PREPROCESSOR_DEFINITIONS = (
					"DEBUG=1",
					"$(inherited)",
				);
				GCC_WARN_64_TO_32_BIT_CONVERSION = YES;
				GCC_WARN_ABOUT_RETURN_TYPE = YES_ERROR;
				GCC_WARN_UNDECLARED_SELECTOR = YES;
				GCC_WARN_UNINITIALIZED_AUTOS = YES_AGGRESSIVE;
				GCC_WARN_UNUSED_FUNCTION = YES;
				GCC_WARN_UNUSED_VARIABLE = YES;
				IPHONEOS_DEPLOYMENT_TARGET = 10.0;
				MTL_ENABLE_DEBUG_INFO = YES;
				ONLY_ACTIVE_ARCH = YES;
				SDKROOT = iphoneos;
				SWIFT_ACTIVE_COMPILATION_CONDITIONS = DEBUG;
				SWIFT_OPTIMIZATION_LEVEL = "-Onone";
				TARGETED_DEVICE_FAMILY = "1,2";
			};
			name = Debug;
		};
		F9406EB51D9499DA00353CF6 /* Release */ = {
			isa = XCBuildConfiguration;
			buildSettings = {
				ALWAYS_SEARCH_USER_PATHS = NO;
				CLANG_ANALYZER_NONNULL = YES;
				CLANG_CXX_LANGUAGE_STANDARD = "gnu++0x";
				CLANG_CXX_LIBRARY = "libc++";
				CLANG_ENABLE_MODULES = YES;
				CLANG_ENABLE_OBJC_ARC = YES;
				CLANG_WARN_BOOL_CONVERSION = YES;
				CLANG_WARN_CONSTANT_CONVERSION = YES;
				CLANG_WARN_DIRECT_OBJC_ISA_USAGE = YES_ERROR;
				CLANG_WARN_DOCUMENTATION_COMMENTS = YES;
				CLANG_WARN_EMPTY_BODY = YES;
				CLANG_WARN_ENUM_CONVERSION = YES;
				CLANG_WARN_INFINITE_RECURSION = YES;
				CLANG_WARN_INT_CONVERSION = YES;
				CLANG_WARN_OBJC_ROOT_CLASS = YES_ERROR;
				CLANG_WARN_SUSPICIOUS_MOVES = YES;
				CLANG_WARN_UNREACHABLE_CODE = YES;
				CLANG_WARN__DUPLICATE_METHOD_MATCH = YES;
				"CODE_SIGN_IDENTITY[sdk=iphoneos*]" = "iPhone Developer";
				COPY_PHASE_STRIP = NO;
				DEBUG_INFORMATION_FORMAT = "dwarf-with-dsym";
				ENABLE_NS_ASSERTIONS = NO;
				ENABLE_STRICT_OBJC_MSGSEND = YES;
				GCC_C_LANGUAGE_STANDARD = gnu99;
				GCC_NO_COMMON_BLOCKS = YES;
				GCC_WARN_64_TO_32_BIT_CONVERSION = YES;
				GCC_WARN_ABOUT_RETURN_TYPE = YES_ERROR;
				GCC_WARN_UNDECLARED_SELECTOR = YES;
				GCC_WARN_UNINITIALIZED_AUTOS = YES_AGGRESSIVE;
				GCC_WARN_UNUSED_FUNCTION = YES;
				GCC_WARN_UNUSED_VARIABLE = YES;
				IPHONEOS_DEPLOYMENT_TARGET = 10.0;
				MTL_ENABLE_DEBUG_INFO = NO;
				SDKROOT = iphoneos;
				SWIFT_OPTIMIZATION_LEVEL = "-Owholemodule";
				TARGETED_DEVICE_FAMILY = "1,2";
				VALIDATE_PRODUCT = YES;
			};
			name = Release;
		};
		F9406EB71D9499DA00353CF6 /* Debug */ = {
			isa = XCBuildConfiguration;
			buildSettings = {
				ASSETCATALOG_COMPILER_APPICON_NAME = AppIcon;
				INFOPLIST_FILE = "auto-layout-in-code/Info.plist";
				LD_RUNPATH_SEARCH_PATHS = "$(inherited) @executable_path/Frameworks";
				PRODUCT_BUNDLE_IDENTIFIER = "com.adamgoth.auto-layout-in-code";
				PRODUCT_NAME = "$(TARGET_NAME)";
				SWIFT_VERSION = 3.0;
			};
			name = Debug;
		};
		F9406EB81D9499DA00353CF6 /* Release */ = {
			isa = XCBuildConfiguration;
			buildSettings = {
				ASSETCATALOG_COMPILER_APPICON_NAME = AppIcon;
				INFOPLIST_FILE = "auto-layout-in-code/Info.plist";
				LD_RUNPATH_SEARCH_PATHS = "$(inherited) @executable_path/Frameworks";
				PRODUCT_BUNDLE_IDENTIFIER = "com.adamgoth.auto-layout-in-code";
				PRODUCT_NAME = "$(TARGET_NAME)";
				SWIFT_VERSION = 3.0;
			};
			name = Release;
		};
/* End XCBuildConfiguration section */

/* Begin XCConfigurationList section */
		F9406E9F1D9499DA00353CF6 /* Build configuration list for PBXProject "auto-layout-in-code" */ = {
			isa = XCConfigurationList;
			buildConfigurations = (
				F9406EB41D9499DA00353CF6 /* Debug */,
				F9406EB51D9499DA00353CF6 /* Release */,
			);
			defaultConfigurationIsVisible = 0;
			defaultConfigurationName = Release;
		};
		F9406EB61D9499DA00353CF6 /* Build configuration list for PBXNativeTarget "auto-layout-in-code" */ = {
			isa = XCConfigurationList;
			buildConfigurations = (
				F9406EB71D9499DA00353CF6 /* Debug */,
				F9406EB81D9499DA00353CF6 /* Release */,
			);
			defaultConfigurationIsVisible = 0;
		};
/* End XCConfigurationList section */
	};
	rootObject = F9406E9C1D9499DA00353CF6 /* Project object */;
}
